
Microsoft Visual Studio Solution File, Format Version 12.00
# Visual Studio 15
VisualStudioVersion = 15.0.27703.2018
MinimumVisualStudioVersion = 10.0.40219.1
Project("{8BC9CEB8-8B4A-11D0-8D11-00A0C91BC942}") = "BullCowGame", "BullCowGame\BullCowGame.vcxproj", "{C9F3D3AB-7B35-4CA1-9BA0-CEB4DBB78179}"
EndProject
Global
	GlobalSection(SolutionConfigurationPlatforms) = preSolution
		Debug|x64 = Debug|x64
		Debug|x86 = Debug|x86
		Release|x64 = Release|x64
		Release|x86 = Release|x86
	EndGlobalSection
	GlobalSection(ProjectConfigurationPlatforms) = postSolution
		{C9F3D3AB-7B35-4CA1-9BA0-CEB4DBB78179}.Debug|x64.ActiveCfg = Debug|x64
		{C9F3D3AB-7B35-4CA1-9BA0-CEB4DBB78179}.Debug|x64.Build.0 = Debug|x64
		{C9F3D3AB-7B35-4CA1-9BA0-CEB4DBB78179}.Debug|x86.ActiveCfg = Debug|Win32
		{C9F3D3AB-7B35-4CA1-9BA0-CEB4DBB78179}.Debug|x86.Build.0 = Debug|Win32
		{C9F3D3AB-7B35-4CA1-9BA0-CEB4DBB78179}.Release|x64.ActiveCfg = Release|x64
		{C9F3D3AB-7B35-4CA1-9BA0-CEB4DBB78179}.Release|x64.Build.0 = Release|x64
		{C9F3D3AB-7B35-4CA1-9BA0-CEB4DBB78179}.Release|x86.ActiveCfg = Release|Win32
		{C9F3D3AB-7B35-4CA1-9BA0-CEB4DBB78179}.Release|x86.Build.0 = Release|Win32
	EndGlobalSection
	GlobalSection(SolutionProperties) = preSolution
		HideSolutionNode = FALSE
	EndGlobalSection
	GlobalSection(ExtensibilityGlobals) = postSolution
		SolutionGuid = {B39EA75B-17B8-4D44-8B6E-52B9EC0A7FFD}
	EndGlobalSection
EndGlobal
